// !$*UTF8*$!
{
	archiveVersion = 1;
	classes = {
	};
	objectVersion = 46;
	objects = {

/* Begin PBXBuildFile section */
		50396AFF16779DCD000428C6 /* Default-568h@2x.png in Resources */ = {isa = PBXBuildFile; fileRef = 50396AFE16779DCD000428C6 /* Default-568h@2x.png */; };
		505DB1D715C0015C00DA9C43 /* UIKit.framework in Frameworks */ = {isa = PBXBuildFile; fileRef = 505DB1D615C0015C00DA9C43 /* UIKit.framework */; };
		505DB1D915C0015C00DA9C43 /* Foundation.framework in Frameworks */ = {isa = PBXBuildFile; fileRef = 505DB1D815C0015C00DA9C43 /* Foundation.framework */; };
		505DB1DB15C0015C00DA9C43 /* CoreGraphics.framework in Frameworks */ = {isa = PBXBuildFile; fileRef = 505DB1DA15C0015C00DA9C43 /* CoreGraphics.framework */; };
		505DB1E115C0015C00DA9C43 /* InfoPlist.strings in Resources */ = {isa = PBXBuildFile; fileRef = 505DB1DF15C0015C00DA9C43 /* InfoPlist.strings */; };
		505DB1E315C0015C00DA9C43 /* main.m in Sources */ = {isa = PBXBuildFile; fileRef = 505DB1E215C0015C00DA9C43 /* main.m */; };
		505DB1E715C0015C00DA9C43 /* AppDelegate.m in Sources */ = {isa = PBXBuildFile; fileRef = 505DB1E615C0015C00DA9C43 /* AppDelegate.m */; };
		505DB1EA15C0015D00DA9C43 /* MainStoryboard_iPhone.storyboard in Resources */ = {isa = PBXBuildFile; fileRef = 505DB1E815C0015D00DA9C43 /* MainStoryboard_iPhone.storyboard */; };
		505DB1ED15C0015D00DA9C43 /* MainStoryboard_iPad.storyboard in Resources */ = {isa = PBXBuildFile; fileRef = 505DB1EB15C0015D00DA9C43 /* MainStoryboard_iPad.storyboard */; };
		505DB1F015C0015D00DA9C43 /* FirstViewController.m in Sources */ = {isa = PBXBuildFile; fileRef = 505DB1EF15C0015D00DA9C43 /* FirstViewController.m */; };
		505DB1F215C0015D00DA9C43 /* first.png in Resources */ = {isa = PBXBuildFile; fileRef = 505DB1F115C0015D00DA9C43 /* first.png */; };
		505DB1F415C0015D00DA9C43 /* first@2x.png in Resources */ = {isa = PBXBuildFile; fileRef = 505DB1F315C0015D00DA9C43 /* first@2x.png */; };
		505DB1F715C0015D00DA9C43 /* SecondViewController.m in Sources */ = {isa = PBXBuildFile; fileRef = 505DB1F615C0015D00DA9C43 /* SecondViewController.m */; };
		505DB1F915C0015D00DA9C43 /* second.png in Resources */ = {isa = PBXBuildFile; fileRef = 505DB1F815C0015D00DA9C43 /* second.png */; };
		505DB1FB15C0015D00DA9C43 /* second@2x.png in Resources */ = {isa = PBXBuildFile; fileRef = 505DB1FA15C0015D00DA9C43 /* second@2x.png */; };
		505DB20315C0015D00DA9C43 /* SenTestingKit.framework in Frameworks */ = {isa = PBXBuildFile; fileRef = 505DB20215C0015D00DA9C43 /* SenTestingKit.framework */; };
		505DB20415C0015D00DA9C43 /* UIKit.framework in Frameworks */ = {isa = PBXBuildFile; fileRef = 505DB1D615C0015C00DA9C43 /* UIKit.framework */; };
		505DB20515C0015D00DA9C43 /* Foundation.framework in Frameworks */ = {isa = PBXBuildFile; fileRef = 505DB1D815C0015C00DA9C43 /* Foundation.framework */; };
		505DB20D15C0015D00DA9C43 /* InfoPlist.strings in Resources */ = {isa = PBXBuildFile; fileRef = 505DB20B15C0015D00DA9C43 /* InfoPlist.strings */; };
		505DB21015C0015D00DA9C43 /* MIMI_WalletTests.m in Sources */ = {isa = PBXBuildFile; fileRef = 505DB20F15C0015D00DA9C43 /* MIMI_WalletTests.m */; };
/* End PBXBuildFile section */

/* Begin PBXContainerItemProxy section */
		505DB20615C0015D00DA9C43 /* PBXContainerItemProxy */ = {
			isa = PBXContainerItemProxy;
			containerPortal = 505DB1C915C0015C00DA9C43 /* Project object */;
			proxyType = 1;
			remoteGlobalIDString = 505DB1D115C0015C00DA9C43;
			remoteInfo = "MIMI Wallet";
		};
/* End PBXContainerItemProxy section */

/* Begin PBXFileReference section */
		50396AFE16779DCD000428C6 /* Default-568h@2x.png */ = {isa = PBXFileReference; lastKnownFileType = image.png; path = "Default-568h@2x.png"; sourceTree = "<group>"; };
		505DB1D215C0015C00DA9C43 /* MIMI Wallet.app */ = {isa = PBXFileReference; explicitFileType = wrapper.application; includeInIndex = 0; path = "MIMI Wallet.app"; sourceTree = BUILT_PRODUCTS_DIR; };
		505DB1D615C0015C00DA9C43 /* UIKit.framework */ = {isa = PBXFileReference; lastKnownFileType = wrapper.framework; name = UIKit.framework; path = System/Library/Frameworks/UIKit.framework; sourceTree = SDKROOT; };
		505DB1D815C0015C00DA9C43 /* Foundation.framework */ = {isa = PBXFileReference; lastKnownFileType = wrapper.framework; name = Foundation.framework; path = System/Library/Frameworks/Foundation.framework; sourceTree = SDKROOT; };
		505DB1DA15C0015C00DA9C43 /* CoreGraphics.framework */ = {isa = PBXFileReference; lastKnownFileType = wrapper.framework; name = CoreGraphics.framework; path = System/Library/Frameworks/CoreGraphics.framework; sourceTree = SDKROOT; };
		505DB1DE15C0015C00DA9C43 /* MIMI Wallet-Info.plist */ = {isa = PBXFileReference; lastKnownFileType = text.plist.xml; path = "MIMI Wallet-Info.plist"; sourceTree = "<group>"; };
		505DB1E015C0015C00DA9C43 /* en */ = {isa = PBXFileReference; lastKnownFileType = text.plist.strings; name = en; path = en.lproj/InfoPlist.strings; sourceTree = "<group>"; };
		505DB1E215C0015C00DA9C43 /* main.m */ = {isa = PBXFileReference; lastKnownFileType = sourcecode.c.objc; path = main.m; sourceTree = "<group>"; };
		505DB1E415C0015C00DA9C43 /* MIMI Wallet-Prefix.pch */ = {isa = PBXFileReference; lastKnownFileType = sourcecode.c.h; path = "MIMI Wallet-Prefix.pch"; sourceTree = "<group>"; };
		505DB1E515C0015C00DA9C43 /* AppDelegate.h */ = {isa = PBXFileReference; lastKnownFileType = sourcecode.c.h; path = AppDelegate.h; sourceTree = "<group>"; };
		505DB1E615C0015C00DA9C43 /* AppDelegate.m */ = {isa = PBXFileReference; lastKnownFileType = sourcecode.c.objc; path = AppDelegate.m; sourceTree = "<group>"; };
		505DB1E915C0015D00DA9C43 /* en */ = {isa = PBXFileReference; lastKnownFileType = file.storyboard; name = en; path = en.lproj/MainStoryboard_iPhone.storyboard; sourceTree = "<group>"; };
		505DB1EC15C0015D00DA9C43 /* en */ = {isa = PBXFileReference; lastKnownFileType = file.storyboard; name = en; path = en.lproj/MainStoryboard_iPad.storyboard; sourceTree = "<group>"; };
		505DB1EE15C0015D00DA9C43 /* FirstViewController.h */ = {isa = PBXFileReference; lastKnownFileType = sourcecode.c.h; path = FirstViewController.h; sourceTree = "<group>"; };
		505DB1EF15C0015D00DA9C43 /* FirstViewController.m */ = {isa = PBXFileReference; lastKnownFileType = sourcecode.c.objc; path = FirstViewController.m; sourceTree = "<group>"; };
		505DB1F115C0015D00DA9C43 /* first.png */ = {isa = PBXFileReference; lastKnownFileType = image.png; path = first.png; sourceTree = "<group>"; };
		505DB1F315C0015D00DA9C43 /* first@2x.png */ = {isa = PBXFileReference; lastKnownFileType = image.png; path = "first@2x.png"; sourceTree = "<group>"; };
		505DB1F515C0015D00DA9C43 /* SecondViewController.h */ = {isa = PBXFileReference; lastKnownFileType = sourcecode.c.h; path = SecondViewController.h; sourceTree = "<group>"; };
		505DB1F615C0015D00DA9C43 /* SecondViewController.m */ = {isa = PBXFileReference; lastKnownFileType = sourcecode.c.objc; path = SecondViewController.m; sourceTree = "<group>"; };
		505DB1F815C0015D00DA9C43 /* second.png */ = {isa = PBXFileReference; lastKnownFileType = image.png; path = second.png; sourceTree = "<group>"; };
		505DB1FA15C0015D00DA9C43 /* second@2x.png */ = {isa = PBXFileReference; lastKnownFileType = image.png; path = "second@2x.png"; sourceTree = "<group>"; };
		505DB20115C0015D00DA9C43 /* MIMI WalletTests.octest */ = {isa = PBXFileReference; explicitFileType = wrapper.cfbundle; includeInIndex = 0; path = "MIMI WalletTests.octest"; sourceTree = BUILT_PRODUCTS_DIR; };
		505DB20215C0015D00DA9C43 /* SenTestingKit.framework */ = {isa = PBXFileReference; lastKnownFileType = wrapper.framework; name = SenTestingKit.framework; path = Library/Frameworks/SenTestingKit.framework; sourceTree = DEVELOPER_DIR; };
		505DB20A15C0015D00DA9C43 /* MIMI WalletTests-Info.plist */ = {isa = PBXFileReference; lastKnownFileType = text.plist.xml; path = "MIMI WalletTests-Info.plist"; sourceTree = "<group>"; };
		505DB20C15C0015D00DA9C43 /* en */ = {isa = PBXFileReference; lastKnownFileType = text.plist.strings; name = en; path = en.lproj/InfoPlist.strings; sourceTree = "<group>"; };
		505DB20E15C0015D00DA9C43 /* MIMI_WalletTests.h */ = {isa = PBXFileReference; lastKnownFileType = sourcecode.c.h; path = MIMI_WalletTests.h; sourceTree = "<group>"; };
		505DB20F15C0015D00DA9C43 /* MIMI_WalletTests.m */ = {isa = PBXFileReference; lastKnownFileType = sourcecode.c.objc; path = MIMI_WalletTests.m; sourceTree = "<group>"; };
/* End PBXFileReference section */

/* Begin PBXFrameworksBuildPhase section */
		505DB1CF15C0015C00DA9C43 /* Frameworks */ = {
			isa = PBXFrameworksBuildPhase;
			buildActionMask = 2147483647;
			files = (
				505DB1D715C0015C00DA9C43 /* UIKit.framework in Frameworks */,
				505DB1D915C0015C00DA9C43 /* Foundation.framework in Frameworks */,
				505DB1DB15C0015C00DA9C43 /* CoreGraphics.framework in Frameworks */,
			);
			runOnlyForDeploymentPostprocessing = 0;
		};
		505DB1FD15C0015D00DA9C43 /* Frameworks */ = {
			isa = PBXFrameworksBuildPhase;
			buildActionMask = 2147483647;
			files = (
				505DB20315C0015D00DA9C43 /* SenTestingKit.framework in Frameworks */,
				505DB20415C0015D00DA9C43 /* UIKit.framework in Frameworks */,
				505DB20515C0015D00DA9C43 /* Foundation.framework in Frameworks */,
			);
			runOnlyForDeploymentPostprocessing = 0;
		};
/* End PBXFrameworksBuildPhase section */

/* Begin PBXGroup section */
		505DB1C715C0015C00DA9C43 = {
			isa = PBXGroup;
			children = (
				50396AFE16779DCD000428C6 /* Default-568h@2x.png */,
				505DB1DC15C0015C00DA9C43 /* MIMI Wallet */,
				505DB20815C0015D00DA9C43 /* MIMI WalletTests */,
				505DB1D515C0015C00DA9C43 /* Frameworks */,
				505DB1D315C0015C00DA9C43 /* Products */,
			);
			sourceTree = "<group>";
		};
		505DB1D315C0015C00DA9C43 /* Products */ = {
			isa = PBXGroup;
			children = (
				505DB1D215C0015C00DA9C43 /* MIMI Wallet.app */,
				505DB20115C0015D00DA9C43 /* MIMI WalletTests.octest */,
			);
			name = Products;
			sourceTree = "<group>";
		};
		505DB1D515C0015C00DA9C43 /* Frameworks */ = {
			isa = PBXGroup;
			children = (
				505DB1D615C0015C00DA9C43 /* UIKit.framework */,
				505DB1D815C0015C00DA9C43 /* Foundation.framework */,
				505DB1DA15C0015C00DA9C43 /* CoreGraphics.framework */,
				505DB20215C0015D00DA9C43 /* SenTestingKit.framework */,
			);
			name = Frameworks;
			sourceTree = "<group>";
		};
		505DB1DC15C0015C00DA9C43 /* MIMI Wallet */ = {
			isa = PBXGroup;
			children = (
				505DB1E515C0015C00DA9C43 /* AppDelegate.h */,
				505DB1E615C0015C00DA9C43 /* AppDelegate.m */,
				505DB1E815C0015D00DA9C43 /* MainStoryboard_iPhone.storyboard */,
				505DB1EB15C0015D00DA9C43 /* MainStoryboard_iPad.storyboard */,
				505DB1EE15C0015D00DA9C43 /* FirstViewController.h */,
				505DB1EF15C0015D00DA9C43 /* FirstViewController.m */,
				505DB1F115C0015D00DA9C43 /* first.png */,
				505DB1F315C0015D00DA9C43 /* first@2x.png */,
				505DB1F515C0015D00DA9C43 /* SecondViewController.h */,
				505DB1F615C0015D00DA9C43 /* SecondViewController.m */,
				505DB1F815C0015D00DA9C43 /* second.png */,
				505DB1FA15C0015D00DA9C43 /* second@2x.png */,
				505DB1DD15C0015C00DA9C43 /* Supporting Files */,
			);
			path = "MIMI Wallet";
			sourceTree = "<group>";
		};
		505DB1DD15C0015C00DA9C43 /* Supporting Files */ = {
			isa = PBXGroup;
			children = (
				505DB1DE15C0015C00DA9C43 /* MIMI Wallet-Info.plist */,
				505DB1DF15C0015C00DA9C43 /* InfoPlist.strings */,
				505DB1E215C0015C00DA9C43 /* main.m */,
				505DB1E415C0015C00DA9C43 /* MIMI Wallet-Prefix.pch */,
			);
			name = "Supporting Files";
			sourceTree = "<group>";
		};
		505DB20815C0015D00DA9C43 /* MIMI WalletTests */ = {
			isa = PBXGroup;
			children = (
				505DB20E15C0015D00DA9C43 /* MIMI_WalletTests.h */,
				505DB20F15C0015D00DA9C43 /* MIMI_WalletTests.m */,
				505DB20915C0015D00DA9C43 /* Supporting Files */,
			);
			path = "MIMI WalletTests";
			sourceTree = "<group>";
		};
		505DB20915C0015D00DA9C43 /* Supporting Files */ = {
			isa = PBXGroup;
			children = (
				505DB20A15C0015D00DA9C43 /* MIMI WalletTests-Info.plist */,
				505DB20B15C0015D00DA9C43 /* InfoPlist.strings */,
			);
			name = "Supporting Files";
			sourceTree = "<group>";
		};
/* End PBXGroup section */

/* Begin PBXNativeTarget section */
		505DB1D115C0015C00DA9C43 /* MIMI Wallet */ = {
			isa = PBXNativeTarget;
			buildConfigurationList = 505DB21315C0015D00DA9C43 /* Build configuration list for PBXNativeTarget "MIMI Wallet" */;
			buildPhases = (
				505DB1CE15C0015C00DA9C43 /* Sources */,
				505DB1CF15C0015C00DA9C43 /* Frameworks */,
				505DB1D015C0015C00DA9C43 /* Resources */,
			);
			buildRules = (
			);
			dependencies = (
			);
			name = "MIMI Wallet";
			productName = "MIMI Wallet";
			productReference = 505DB1D215C0015C00DA9C43 /* MIMI Wallet.app */;
			productType = "com.apple.product-type.application";
		};
		505DB20015C0015D00DA9C43 /* MIMI WalletTests */ = {
			isa = PBXNativeTarget;
			buildConfigurationList = 505DB21615C0015D00DA9C43 /* Build configuration list for PBXNativeTarget "MIMI WalletTests" */;
			buildPhases = (
				505DB1FC15C0015D00DA9C43 /* Sources */,
				505DB1FD15C0015D00DA9C43 /* Frameworks */,
				505DB1FE15C0015D00DA9C43 /* Resources */,
				505DB1FF15C0015D00DA9C43 /* ShellScript */,
			);
			buildRules = (
			);
			dependencies = (
				505DB20715C0015D00DA9C43 /* PBXTargetDependency */,
			);
			name = "MIMI WalletTests";
			productName = "MIMI WalletTests";
			productReference = 505DB20115C0015D00DA9C43 /* MIMI WalletTests.octest */;
			productType = "com.apple.product-type.bundle";
		};
/* End PBXNativeTarget section */

/* Begin PBXProject section */
		505DB1C915C0015C00DA9C43 /* Project object */ = {
			isa = PBXProject;
			attributes = {
				LastUpgradeCheck = 0430;
				ORGANIZATIONNAME = "mimi mobile llc";
			};
			buildConfigurationList = 505DB1CC15C0015C00DA9C43 /* Build configuration list for PBXProject "MIMI Wallet" */;
			compatibilityVersion = "Xcode 3.2";
			developmentRegion = English;
			hasScannedForEncodings = 0;
			knownRegions = (
				en,
			);
			mainGroup = 505DB1C715C0015C00DA9C43;
			productRefGroup = 505DB1D315C0015C00DA9C43 /* Products */;
			projectDirPath = "";
			projectRoot = "";
			targets = (
				505DB1D115C0015C00DA9C43 /* MIMI Wallet */,
				505DB20015C0015D00DA9C43 /* MIMI WalletTests */,
			);
		};
/* End PBXProject section */

/* Begin PBXResourcesBuildPhase section */
		505DB1D015C0015C00DA9C43 /* Resources */ = {
			isa = PBXResourcesBuildPhase;
			buildActionMask = 2147483647;
			files = (
				505DB1E115C0015C00DA9C43 /* InfoPlist.strings in Resources */,
				505DB1EA15C0015D00DA9C43 /* MainStoryboard_iPhone.storyboard in Resources */,
				505DB1ED15C0015D00DA9C43 /* MainStoryboard_iPad.storyboard in Resources */,
				505DB1F215C0015D00DA9C43 /* first.png in Resources */,
				505DB1F415C0015D00DA9C43 /* first@2x.png in Resources */,
				505DB1F915C0015D00DA9C43 /* second.png in Resources */,
				505DB1FB15C0015D00DA9C43 /* second@2x.png in Resources */,
				50396AFF16779DCD000428C6 /* Default-568h@2x.png in Resources */,
			);
			runOnlyForDeploymentPostprocessing = 0;
		};
		505DB1FE15C0015D00DA9C43 /* Resources */ = {
			isa = PBXResourcesBuildPhase;
			buildActionMask = 2147483647;
			files = (
				505DB20D15C0015D00DA9C43 /* InfoPlist.strings in Resources */,
			);
			runOnlyForDeploymentPostprocessing = 0;
		};
/* End PBXResourcesBuildPhase section */

/* Begin PBXShellScriptBuildPhase section */
		505DB1FF15C0015D00DA9C43 /* ShellScript */ = {
			isa = PBXShellScriptBuildPhase;
			buildActionMask = 2147483647;
			files = (
			);
			inputPaths = (
			);
			outputPaths = (
			);
			runOnlyForDeploymentPostprocessing = 0;
			shellPath = /bin/sh;
			shellScript = "# Run the unit tests in this test bundle.\n\"${SYSTEM_DEVELOPER_DIR}/Tools/RunUnitTests\"\n";
		};
/* End PBXShellScriptBuildPhase section */

/* Begin PBXSourcesBuildPhase section */
		505DB1CE15C0015C00DA9C43 /* Sources */ = {
			isa = PBXSourcesBuildPhase;
			buildActionMask = 2147483647;
			files = (
				505DB1E315C0015C00DA9C43 /* main.m in Sources */,
				505DB1E715C0015C00DA9C43 /* AppDelegate.m in Sources */,
				505DB1F015C0015D00DA9C43 /* FirstViewController.m in Sources */,
				505DB1F715C0015D00DA9C43 /* SecondViewController.m in Sources */,
			);
			runOnlyForDeploymentPostprocessing = 0;
		};
		505DB1FC15C0015D00DA9C43 /* Sources */ = {
			isa = PBXSourcesBuildPhase;
			buildActionMask = 2147483647;
			files = (
				505DB21015C0015D00DA9C43 /* MIMI_WalletTests.m in Sources */,
			);
			runOnlyForDeploymentPostprocessing = 0;
		};
/* End PBXSourcesBuildPhase section */

/* Begin PBXTargetDependency section */
		505DB20715C0015D00DA9C43 /* PBXTargetDependency */ = {
			isa = PBXTargetDependency;
			target = 505DB1D115C0015C00DA9C43 /* MIMI Wallet */;
			targetProxy = 505DB20615C0015D00DA9C43 /* PBXContainerItemProxy */;
		};
/* End PBXTargetDependency section */

/* Begin PBXVariantGroup section */
		505DB1DF15C0015C00DA9C43 /* InfoPlist.strings */ = {
			isa = PBXVariantGroup;
			children = (
				505DB1E015C0015C00DA9C43 /* en */,
			);
			name = InfoPlist.strings;
			sourceTree = "<group>";
		};
		505DB1E815C0015D00DA9C43 /* MainStoryboard_iPhone.storyboard */ = {
			isa = PBXVariantGroup;
			children = (
				505DB1E915C0015D00DA9C43 /* en */,
			);
			name = MainStoryboard_iPhone.storyboard;
			sourceTree = "<group>";
		};
		505DB1EB15C0015D00DA9C43 /* MainStoryboard_iPad.storyboard */ = {
			isa = PBXVariantGroup;
			children = (
				505DB1EC15C0015D00DA9C43 /* en */,
			);
			name = MainStoryboard_iPad.storyboard;
			sourceTree = "<group>";
		};
		505DB20B15C0015D00DA9C43 /* InfoPlist.strings */ = {
			isa = PBXVariantGroup;
			children = (
				505DB20C15C0015D00DA9C43 /* en */,
			);
			name = InfoPlist.strings;
			sourceTree = "<group>";
		};
/* End PBXVariantGroup section */

/* Begin XCBuildConfiguration section */
		505DB21115C0015D00DA9C43 /* Debug */ = {
			isa = XCBuildConfiguration;
			buildSettings = {
				ALWAYS_SEARCH_USER_PATHS = NO;
				ARCHS = "$(ARCHS_STANDARD_32_BIT)";
				CLANG_ENABLE_OBJC_ARC = YES;
				"CODE_SIGN_IDENTITY[sdk=iphoneos*]" = "iPhone Developer";
				COPY_PHASE_STRIP = NO;
				GCC_C_LANGUAGE_STANDARD = gnu99;
				GCC_DYNAMIC_NO_PIC = NO;
				GCC_OPTIMIZATION_LEVEL = 0;
				GCC_PREPROCESSOR_DEFINITIONS = (
					"DEBUG=1",
					"$(inherited)",
				);
				GCC_SYMBOLS_PRIVATE_EXTERN = NO;
				GCC_VERSION = com.apple.compilers.llvm.clang.1_0;
				GCC_WARN_ABOUT_RETURN_TYPE = YES;
				GCC_WARN_UNINITIALIZED_AUTOS = YES;
				GCC_WARN_UNUSED_VARIABLE = YES;
				IPHONEOS_DEPLOYMENT_TARGET = 5.1;
				SDKROOT = iphoneos;
				TARGETED_DEVICE_FAMILY = "1,2";
			};
			name = Debug;
		};
		505DB21215C0015D00DA9C43 /* Release */ = {
			isa = XCBuildConfiguration;
			buildSettings = {
				ALWAYS_SEARCH_USER_PATHS = NO;
				ARCHS = "$(ARCHS_STANDARD_32_BIT)";
				CLANG_ENABLE_OBJC_ARC = YES;
				"CODE_SIGN_IDENTITY[sdk=iphoneos*]" = "iPhone Developer";
				COPY_PHASE_STRIP = YES;
				GCC_C_LANGUAGE_STANDARD = gnu99;
				GCC_VERSION = com.apple.compilers.llvm.clang.1_0;
				GCC_WARN_ABOUT_RETURN_TYPE = YES;
				GCC_WARN_UNINITIALIZED_AUTOS = YES;
				GCC_WARN_UNUSED_VARIABLE = YES;
				IPHONEOS_DEPLOYMENT_TARGET = 5.1;
				OTHER_CFLAGS = "-DNS_BLOCK_ASSERTIONS=1";
				SDKROOT = iphoneos;
				TARGETED_DEVICE_FAMILY = "1,2";
				VALIDATE_PRODUCT = YES;
			};
			name = Release;
		};
		505DB21415C0015D00DA9C43 /* Debug */ = {
			isa = XCBuildConfiguration;
			buildSettings = {
				GCC_PRECOMPILE_PREFIX_HEADER = YES;
				GCC_PREFIX_HEADER = "MIMI Wallet/MIMI Wallet-Prefix.pch";
				INFOPLIST_FILE = "MIMI Wallet/MIMI Wallet-Info.plist";
				IPHONEOS_DEPLOYMENT_TARGET = 3.0;
				PRODUCT_NAME = "$(TARGET_NAME)";
				WRAPPER_EXTENSION = app;
			};
			name = Debug;
		};
		505DB21515C0015D00DA9C43 /* Release */ = {
			isa = XCBuildConfiguration;
			buildSettings = {
				GCC_PRECOMPILE_PREFIX_HEADER = YES;
				GCC_PREFIX_HEADER = "MIMI Wallet/MIMI Wallet-Prefix.pch";
				INFOPLIST_FILE = "MIMI Wallet/MIMI Wallet-Info.plist";
				IPHONEOS_DEPLOYMENT_TARGET = 3.0;
				PRODUCT_NAME = "$(TARGET_NAME)";
				WRAPPER_EXTENSION = app;
			};
			name = Release;
		};
		505DB21715C0015D00DA9C43 /* Debug */ = {
			isa = XCBuildConfiguration;
			buildSettings = {
				BUNDLE_LOADER = "$(BUILT_PRODUCTS_DIR)/MIMI Wallet.app/MIMI Wallet";
				FRAMEWORK_SEARCH_PATHS = (
					"$(SDKROOT)/Developer/Library/Frameworks",
					"$(DEVELOPER_LIBRARY_DIR)/Frameworks",
				);
				GCC_PRECOMPILE_PREFIX_HEADER = YES;
				GCC_PREFIX_HEADER = "MIMI Wallet/MIMI Wallet-Prefix.pch";
				INFOPLIST_FILE = "MIMI WalletTests/MIMI WalletTests-Info.plist";
				PRODUCT_NAME = "$(TARGET_NAME)";
				TEST_HOST = "$(BUNDLE_LOADER)";
				WRAPPER_EXTENSION = octest;
			};
			name = Debug;
		};
		505DB21815C0015D00DA9C43 /* Release */ = {
			isa = XCBuildConfiguration;
			buildSettings = {
				BUNDLE_LOADER = "$(BUILT_PRODUCTS_DIR)/MIMI Wallet.app/MIMI Wallet";
				FRAMEWORK_SEARCH_PATHS = (
					"$(SDKROOT)/Developer/Library/Frameworks",
					"$(DEVELOPER_LIBRARY_DIR)/Frameworks",
				);
				GCC_PRECOMPILE_PREFIX_HEADER = YES;
				GCC_PREFIX_HEADER = "MIMI Wallet/MIMI Wallet-Prefix.pch";
				INFOPLIST_FILE = "MIMI WalletTests/MIMI WalletTests-Info.plist";
				PRODUCT_NAME = "$(TARGET_NAME)";
				TEST_HOST = "$(BUNDLE_LOADER)";
				WRAPPER_EXTENSION = octest;
			};
			name = Release;
		};
/* End XCBuildConfiguration section */

/* Begin XCConfigurationList section */
		505DB1CC15C0015C00DA9C43 /* Build configuration list for PBXProject "MIMI Wallet" */ = {
			isa = XCConfigurationList;
			buildConfigurations = (
				505DB21115C0015D00DA9C43 /* Debug */,
				505DB21215C0015D00DA9C43 /* Release */,
			);
			defaultConfigurationIsVisible = 0;
			defaultConfigurationName = Release;
		};
		505DB21315C0015D00DA9C43 /* Build configuration list for PBXNativeTarget "MIMI Wallet" */ = {
			isa = XCConfigurationList;
			buildConfigurations = (
				505DB21415C0015D00DA9C43 /* Debug */,
				505DB21515C0015D00DA9C43 /* Release */,
			);
			defaultConfigurationIsVisible = 0;
			defaultConfigurationName = Release;
		};
		505DB21615C0015D00DA9C43 /* Build configuration list for PBXNativeTarget "MIMI WalletTests" */ = {
			isa = XCConfigurationList;
			buildConfigurations = (
				505DB21715C0015D00DA9C43 /* Debug */,
				505DB21815C0015D00DA9C43 /* Release */,
			);
			defaultConfigurationIsVisible = 0;
			defaultConfigurationName = Release;
		};
/* End XCConfigurationList section */
	};
	rootObject = 505DB1C915C0015C00DA9C43 /* Project object */;
}
